
Microsoft Visual Studio Solution File, Format Version 12.00
# Visual Studio Version 17
VisualStudioVersion = 17.4.33213.308
MinimumVisualStudioVersion = 10.0.40219.1
Project("{FAE04EC0-301F-11D3-BF4B-00C04F79EFBC}") = "SMTstock", "SMTstock\SMTstock.csproj", "{D62350AB-910A-4C19-A193-AC3A037A3BB4}"
EndProject
Project("{FAE04EC0-301F-11D3-BF4B-00C04F79EFBC}") = "SMTstock.DAL", "SMTstock.DAL\SMTstock.DAL.csproj", "{AF22E13C-E0F8-43D0-AAAE-8A1176390822}"
EndProject
Project("{FAE04EC0-301F-11D3-BF4B-00C04F79EFBC}") = "SMTstock.Entities", "SMTstockEntities\SMTstock.Entities.csproj", "{7F284D08-E989-4629-AFB6-CE9392E83143}"
EndProject
Project("{FAE04EC0-301F-11D3-BF4B-00C04F79EFBC}") = "SMTstock.Services", "SMTstock.Services\SMTstock.Services.csproj", "{2CE1C146-C5C2-4C81-9D2D-4EBE81C2B19A}"
EndProject
Project("{FAE04EC0-301F-11D3-BF4B-00C04F79EFBC}") = "SMTstock.Core", "SMTstock.Core\SMTstock.Core.csproj", "{04A3992D-CB5A-4068-B818-A940065DD893}"
EndProject
Global
	GlobalSection(SolutionConfigurationPlatforms) = preSolution
		Debug|Any CPU = Debug|Any CPU
		Release|Any CPU = Release|Any CPU
	EndGlobalSection
	GlobalSection(ProjectConfigurationPlatforms) = postSolution
		{D62350AB-910A-4C19-A193-AC3A037A3BB4}.Debug|Any CPU.ActiveCfg = Debug|Any CPU
		{D62350AB-910A-4C19-A193-AC3A037A3BB4}.Debug|Any CPU.Build.0 = Debug|Any CPU
		{D62350AB-910A-4C19-A193-AC3A037A3BB4}.Release|Any CPU.ActiveCfg = Release|Any CPU
		{D62350AB-910A-4C19-A193-AC3A037A3BB4}.Release|Any CPU.Build.0 = Release|Any CPU
		{AF22E13C-E0F8-43D0-AAAE-8A1176390822}.Debug|Any CPU.ActiveCfg = Debug|Any CPU
		{AF22E13C-E0F8-43D0-AAAE-8A1176390822}.Debug|Any CPU.Build.0 = Debug|Any CPU
		{AF22E13C-E0F8-43D0-AAAE-8A1176390822}.Release|Any CPU.ActiveCfg = Release|Any CPU
		{AF22E13C-E0F8-43D0-AAAE-8A1176390822}.Release|Any CPU.Build.0 = Release|Any CPU
		{7F284D08-E989-4629-AFB6-CE9392E83143}.Debug|Any CPU.ActiveCfg = Debug|Any CPU
		{7F284D08-E989-4629-AFB6-CE9392E83143}.Debug|Any CPU.Build.0 = Debug|Any CPU
		{7F284D08-E989-4629-AFB6-CE9392E83143}.Release|Any CPU.ActiveCfg = Release|Any CPU
		{7F284D08-E989-4629-AFB6-CE9392E83143}.Release|Any CPU.Build.0 = Release|Any CPU
		{2CE1C146-C5C2-4C81-9D2D-4EBE81C2B19A}.Debug|Any CPU.ActiveCfg = Debug|Any CPU
		{2CE1C146-C5C2-4C81-9D2D-4EBE81C2B19A}.Debug|Any CPU.Build.0 = Debug|Any CPU
		{2CE1C146-C5C2-4C81-9D2D-4EBE81C2B19A}.Release|Any CPU.ActiveCfg = Release|Any CPU
		{2CE1C146-C5C2-4C81-9D2D-4EBE81C2B19A}.Release|Any CPU.Build.0 = Release|Any CPU
		{04A3992D-CB5A-4068-B818-A940065DD893}.Debug|Any CPU.ActiveCfg = Debug|Any CPU
		{04A3992D-CB5A-4068-B818-A940065DD893}.Debug|Any CPU.Build.0 = Debug|Any CPU
		{04A3992D-CB5A-4068-B818-A940065DD893}.Release|Any CPU.ActiveCfg = Release|Any CPU
		{04A3992D-CB5A-4068-B818-A940065DD893}.Release|Any CPU.Build.0 = Release|Any CPU
	EndGlobalSection
	GlobalSection(SolutionProperties) = preSolution
		HideSolutionNode = FALSE
	EndGlobalSection
	GlobalSection(ExtensibilityGlobals) = postSolution
		SolutionGuid = {67B5233D-7FE0-4945-B1BE-83D4BEE22438}
	EndGlobalSection
EndGlobal
